
Microsoft Visual Studio Solution File, Format Version 12.00
# Visual Studio 15
VisualStudioVersion = 15.0.28010.2016
MinimumVisualStudioVersion = 10.0.40219.1
Project("{FAE04EC0-301F-11D3-BF4B-00C04F79EFBC}") = "TradoProjet.Android", "TradoProjet\TradoProjet.Android\TradoProjet.Android.csproj", "{1842AD4D-9F98-4C3E-BC35-CC4A5E233D27}"
EndProject
Project("{FAE04EC0-301F-11D3-BF4B-00C04F79EFBC}") = "TradoProjet.iOS", "TradoProjet\TradoProjet.iOS\TradoProjet.iOS.csproj", "{B7BF13DD-DB38-4C96-AB1D-707297AD6CF0}"
EndProject
Project("{FAE04EC0-301F-11D3-BF4B-00C04F79EFBC}") = "TradoProjet.UWP", "TradoProjet\TradoProjet.UWP\TradoProjet.UWP.csproj", "{DE3CCA1D-71E0-4233-BB00-CDA310CC3445}"
EndProject
Project("{9A19103F-16F7-4668-BE54-9A1E7A4F7556}") = "TradoProjet", "TradoProjet\TradoProjet\TradoProjet.csproj", "{D77806C3-B7C5-4ADD-9455-D89F9799BF69}"
EndProject
Global
	GlobalSection(SolutionConfigurationPlatforms) = preSolution
		Ad-Hoc|Any CPU = Ad-Hoc|Any CPU
		Ad-Hoc|ARM = Ad-Hoc|ARM
		Ad-Hoc|iPhone = Ad-Hoc|iPhone
		Ad-Hoc|iPhoneSimulator = Ad-Hoc|iPhoneSimulator
		Ad-Hoc|x64 = Ad-Hoc|x64
		Ad-Hoc|x86 = Ad-Hoc|x86
		AppStore|Any CPU = AppStore|Any CPU
		AppStore|ARM = AppStore|ARM
		AppStore|iPhone = AppStore|iPhone
		AppStore|iPhoneSimulator = AppStore|iPhoneSimulator
		AppStore|x64 = AppStore|x64
		AppStore|x86 = AppStore|x86
		Debug|Any CPU = Debug|Any CPU
		Debug|ARM = Debug|ARM
		Debug|iPhone = Debug|iPhone
		Debug|iPhoneSimulator = Debug|iPhoneSimulator
		Debug|x64 = Debug|x64
		Debug|x86 = Debug|x86
		Release|Any CPU = Release|Any CPU
		Release|ARM = Release|ARM
		Release|iPhone = Release|iPhone
		Release|iPhoneSimulator = Release|iPhoneSimulator
		Release|x64 = Release|x64
		Release|x86 = Release|x86
	EndGlobalSection
	GlobalSection(ProjectConfigurationPlatforms) = postSolution
		{1842AD4D-9F98-4C3E-BC35-CC4A5E233D27}.Ad-Hoc|Any CPU.ActiveCfg = Release|Any CPU
		{1842AD4D-9F98-4C3E-BC35-CC4A5E233D27}.Ad-Hoc|Any CPU.Build.0 = Release|Any CPU
		{1842AD4D-9F98-4C3E-BC35-CC4A5E233D27}.Ad-Hoc|Any CPU.Deploy.0 = Release|Any CPU
		{1842AD4D-9F98-4C3E-BC35-CC4A5E233D27}.Ad-Hoc|ARM.ActiveCfg = Release|Any CPU
		{1842AD4D-9F98-4C3E-BC35-CC4A5E233D27}.Ad-Hoc|ARM.Build.0 = Release|Any CPU
		{1842AD4D-9F98-4C3E-BC35-CC4A5E233D27}.Ad-Hoc|ARM.Deploy.0 = Release|Any CPU
		{1842AD4D-9F98-4C3E-BC35-CC4A5E233D27}.Ad-Hoc|iPhone.ActiveCfg = Release|Any CPU
		{1842AD4D-9F98-4C3E-BC35-CC4A5E233D27}.Ad-Hoc|iPhone.Build.0 = Release|Any CPU
		{1842AD4D-9F98-4C3E-BC35-CC4A5E233D27}.Ad-Hoc|iPhone.Deploy.0 = Release|Any CPU
		{1842AD4D-9F98-4C3E-BC35-CC4A5E233D27}.Ad-Hoc|iPhoneSimulator.ActiveCfg = Release|Any CPU
		{1842AD4D-9F98-4C3E-BC35-CC4A5E233D27}.Ad-Hoc|iPhoneSimulator.Build.0 = Release|Any CPU
		{1842AD4D-9F98-4C3E-BC35-CC4A5E233D27}.Ad-Hoc|iPhoneSimulator.Deploy.0 = Release|Any CPU
		{1842AD4D-9F98-4C3E-BC35-CC4A5E233D27}.Ad-Hoc|x64.ActiveCfg = Release|Any CPU
		{1842AD4D-9F98-4C3E-BC35-CC4A5E233D27}.Ad-Hoc|x64.Build.0 = Release|Any CPU
		{1842AD4D-9F98-4C3E-BC35-CC4A5E233D27}.Ad-Hoc|x64.Deploy.0 = Release|Any CPU
		{1842AD4D-9F98-4C3E-BC35-CC4A5E233D27}.Ad-Hoc|x86.ActiveCfg = Release|Any CPU
		{1842AD4D-9F98-4C3E-BC35-CC4A5E233D27}.Ad-Hoc|x86.Build.0 = Release|Any CPU
		{1842AD4D-9F98-4C3E-BC35-CC4A5E233D27}.Ad-Hoc|x86.Deploy.0 = Release|Any CPU
		{1842AD4D-9F98-4C3E-BC35-CC4A5E233D27}.AppStore|Any CPU.ActiveCfg = Release|Any CPU
		{1842AD4D-9F98-4C3E-BC35-CC4A5E233D27}.AppStore|Any CPU.Build.0 = Release|Any CPU
		{1842AD4D-9F98-4C3E-BC35-CC4A5E233D27}.AppStore|Any CPU.Deploy.0 = Release|Any CPU
		{1842AD4D-9F98-4C3E-BC35-CC4A5E233D27}.AppStore|ARM.ActiveCfg = Release|Any CPU
		{1842AD4D-9F98-4C3E-BC35-CC4A5E233D27}.AppStore|ARM.Build.0 = Release|Any CPU
		{1842AD4D-9F98-4C3E-BC35-CC4A5E233D27}.AppStore|ARM.Deploy.0 = Release|Any CPU
		{1842AD4D-9F98-4C3E-BC35-CC4A5E233D27}.AppStore|iPhone.ActiveCfg = Release|Any CPU
		{1842AD4D-9F98-4C3E-BC35-CC4A5E233D27}.AppStore|iPhone.Build.0 = Release|Any CPU
		{1842AD4D-9F98-4C3E-BC35-CC4A5E233D27}.AppStore|iPhone.Deploy.0 = Release|Any CPU
		{1842AD4D-9F98-4C3E-BC35-CC4A5E233D27}.AppStore|iPhoneSimulator.ActiveCfg = Release|Any CPU
		{1842AD4D-9F98-4C3E-BC35-CC4A5E233D27}.AppStore|iPhoneSimulator.Build.0 = Release|Any CPU
		{1842AD4D-9F98-4C3E-BC35-CC4A5E233D27}.AppStore|iPhoneSimulator.Deploy.0 = Release|Any CPU
		{1842AD4D-9F98-4C3E-BC35-CC4A5E233D27}.AppStore|x64.ActiveCfg = Release|Any CPU
		{1842AD4D-9F98-4C3E-BC35-CC4A5E233D27}.AppStore|x64.Build.0 = Release|Any CPU
		{1842AD4D-9F98-4C3E-BC35-CC4A5E233D27}.AppStore|x64.Deploy.0 = Release|Any CPU
		{1842AD4D-9F98-4C3E-BC35-CC4A5E233D27}.AppStore|x86.ActiveCfg = Release|Any CPU
		{1842AD4D-9F98-4C3E-BC35-CC4A5E233D27}.AppStore|x86.Build.0 = Release|Any CPU
		{1842AD4D-9F98-4C3E-BC35-CC4A5E233D27}.AppStore|x86.Deploy.0 = Release|Any CPU
		{1842AD4D-9F98-4C3E-BC35-CC4A5E233D27}.Debug|Any CPU.ActiveCfg = Debug|Any CPU
		{1842AD4D-9F98-4C3E-BC35-CC4A5E233D27}.Debug|Any CPU.Build.0 = Debug|Any CPU
		{1842AD4D-9F98-4C3E-BC35-CC4A5E233D27}.Debug|Any CPU.Deploy.0 = Debug|Any CPU
		{1842AD4D-9F98-4C3E-BC35-CC4A5E233D27}.Debug|ARM.ActiveCfg = Debug|Any CPU
		{1842AD4D-9F98-4C3E-BC35-CC4A5E233D27}.Debug|ARM.Build.0 = Debug|Any CPU
		{1842AD4D-9F98-4C3E-BC35-CC4A5E233D27}.Debug|ARM.Deploy.0 = Debug|Any CPU
		{1842AD4D-9F98-4C3E-BC35-CC4A5E233D27}.Debug|iPhone.ActiveCfg = Debug|Any CPU
		{1842AD4D-9F98-4C3E-BC35-CC4A5E233D27}.Debug|iPhone.Build.0 = Debug|Any CPU
		{1842AD4D-9F98-4C3E-BC35-CC4A5E233D27}.Debug|iPhone.Deploy.0 = Debug|Any CPU
		{1842AD4D-9F98-4C3E-BC35-CC4A5E233D27}.Debug|iPhoneSimulator.ActiveCfg = Debug|Any CPU
		{1842AD4D-9F98-4C3E-BC35-CC4A5E233D27}.Debug|iPhoneSimulator.Build.0 = Debug|Any CPU
		{1842AD4D-9F98-4C3E-BC35-CC4A5E233D27}.Debug|iPhoneSimulator.Deploy.0 = Debug|Any CPU
		{1842AD4D-9F98-4C3E-BC35-CC4A5E233D27}.Debug|x64.ActiveCfg = Debug|Any CPU
		{1842AD4D-9F98-4C3E-BC35-CC4A5E233D27}.Debug|x64.Build.0 = Debug|Any CPU
		{1842AD4D-9F98-4C3E-BC35-CC4A5E233D27}.Debug|x64.Deploy.0 = Debug|Any CPU
		{1842AD4D-9F98-4C3E-BC35-CC4A5E233D27}.Debug|x86.ActiveCfg = Debug|Any CPU
		{1842AD4D-9F98-4C3E-BC35-CC4A5E233D27}.Debug|x86.Build.0 = Debug|Any CPU
		{1842AD4D-9F98-4C3E-BC35-CC4A5E233D27}.Debug|x86.Deploy.0 = Debug|Any CPU
		{1842AD4D-9F98-4C3E-BC35-CC4A5E233D27}.Release|Any CPU.ActiveCfg = Release|Any CPU
		{1842AD4D-9F98-4C3E-BC35-CC4A5E233D27}.Release|Any CPU.Build.0 = Release|Any CPU
		{1842AD4D-9F98-4C3E-BC35-CC4A5E233D27}.Release|Any CPU.Deploy.0 = Release|Any CPU
		{1842AD4D-9F98-4C3E-BC35-CC4A5E233D27}.Release|ARM.ActiveCfg = Release|Any CPU
		{1842AD4D-9F98-4C3E-BC35-CC4A5E233D27}.Release|ARM.Build.0 = Release|Any CPU
		{1842AD4D-9F98-4C3E-BC35-CC4A5E233D27}.Release|ARM.Deploy.0 = Release|Any CPU
		{1842AD4D-9F98-4C3E-BC35-CC4A5E233D27}.Release|iPhone.ActiveCfg = Release|Any CPU
		{1842AD4D-9F98-4C3E-BC35-CC4A5E233D27}.Release|iPhone.Build.0 = Release|Any CPU
		{1842AD4D-9F98-4C3E-BC35-CC4A5E233D27}.Release|iPhone.Deploy.0 = Release|Any CPU
		{1842AD4D-9F98-4C3E-BC35-CC4A5E233D27}.Release|iPhoneSimulator.ActiveCfg = Release|Any CPU
		{1842AD4D-9F98-4C3E-BC35-CC4A5E233D27}.Release|iPhoneSimulator.Build.0 = Release|Any CPU
		{1842AD4D-9F98-4C3E-BC35-CC4A5E233D27}.Release|iPhoneSimulator.Deploy.0 = Release|Any CPU
		{1842AD4D-9F98-4C3E-BC35-CC4A5E233D27}.Release|x64.ActiveCfg = Release|Any CPU
		{1842AD4D-9F98-4C3E-BC35-CC4A5E233D27}.Release|x64.Build.0 = Release|Any CPU
		{1842AD4D-9F98-4C3E-BC35-CC4A5E233D27}.Release|x64.Deploy.0 = Release|Any CPU
		{1842AD4D-9F98-4C3E-BC35-CC4A5E233D27}.Release|x86.ActiveCfg = Release|Any CPU
		{1842AD4D-9F98-4C3E-BC35-CC4A5E233D27}.Release|x86.Build.0 = Release|Any CPU
		{1842AD4D-9F98-4C3E-BC35-CC4A5E233D27}.Release|x86.Deploy.0 = Release|Any CPU
		{B7BF13DD-DB38-4C96-AB1D-707297AD6CF0}.Ad-Hoc|Any CPU.ActiveCfg = Ad-Hoc|iPhone
		{B7BF13DD-DB38-4C96-AB1D-707297AD6CF0}.Ad-Hoc|Any CPU.Build.0 = Ad-Hoc|iPhone
		{B7BF13DD-DB38-4C96-AB1D-707297AD6CF0}.Ad-Hoc|Any CPU.Deploy.0 = Ad-Hoc|iPhone
		{B7BF13DD-DB38-4C96-AB1D-707297AD6CF0}.Ad-Hoc|ARM.ActiveCfg = Ad-Hoc|iPhone
		{B7BF13DD-DB38-4C96-AB1D-707297AD6CF0}.Ad-Hoc|ARM.Build.0 = Ad-Hoc|iPhone
		{B7BF13DD-DB38-4C96-AB1D-707297AD6CF0}.Ad-Hoc|ARM.Deploy.0 = Ad-Hoc|iPhone
		{B7BF13DD-DB38-4C96-AB1D-707297AD6CF0}.Ad-Hoc|iPhone.ActiveCfg = Ad-Hoc|iPhone
		{B7BF13DD-DB38-4C96-AB1D-707297AD6CF0}.Ad-Hoc|iPhone.Build.0 = Ad-Hoc|iPhone
		{B7BF13DD-DB38-4C96-AB1D-707297AD6CF0}.Ad-Hoc|iPhone.Deploy.0 = Ad-Hoc|iPhone
		{B7BF13DD-DB38-4C96-AB1D-707297AD6CF0}.Ad-Hoc|iPhoneSimulator.ActiveCfg = Ad-Hoc|iPhoneSimulator
		{B7BF13DD-DB38-4C96-AB1D-707297AD6CF0}.Ad-Hoc|iPhoneSimulator.Build.0 = Ad-Hoc|iPhoneSimulator
		{B7BF13DD-DB38-4C96-AB1D-707297AD6CF0}.Ad-Hoc|iPhoneSimulator.Deploy.0 = Ad-Hoc|iPhoneSimulator
		{B7BF13DD-DB38-4C96-AB1D-707297AD6CF0}.Ad-Hoc|x64.ActiveCfg = Ad-Hoc|iPhone
		{B7BF13DD-DB38-4C96-AB1D-707297AD6CF0}.Ad-Hoc|x64.Build.0 = Ad-Hoc|iPhone
		{B7BF13DD-DB38-4C96-AB1D-707297AD6CF0}.Ad-Hoc|x64.Deploy.0 = Ad-Hoc|iPhone
		{B7BF13DD-DB38-4C96-AB1D-707297AD6CF0}.Ad-Hoc|x86.ActiveCfg = Ad-Hoc|iPhone
		{B7BF13DD-DB38-4C96-AB1D-707297AD6CF0}.Ad-Hoc|x86.Build.0 = Ad-Hoc|iPhone
		{B7BF13DD-DB38-4C96-AB1D-707297AD6CF0}.Ad-Hoc|x86.Deploy.0 = Ad-Hoc|iPhone
		{B7BF13DD-DB38-4C96-AB1D-707297AD6CF0}.AppStore|Any CPU.ActiveCfg = AppStore|iPhone
		{B7BF13DD-DB38-4C96-AB1D-707297AD6CF0}.AppStore|Any CPU.Build.0 = AppStore|iPhone
		{B7BF13DD-DB38-4C96-AB1D-707297AD6CF0}.AppStore|Any CPU.Deploy.0 = AppStore|iPhone
		{B7BF13DD-DB38-4C96-AB1D-707297AD6CF0}.AppStore|ARM.ActiveCfg = AppStore|iPhone
		{B7BF13DD-DB38-4C96-AB1D-707297AD6CF0}.AppStore|ARM.Build.0 = AppStore|iPhone
		{B7BF13DD-DB38-4C96-AB1D-707297AD6CF0}.AppStore|ARM.Deploy.0 = AppStore|iPhone
		{B7BF13DD-DB38-4C96-AB1D-707297AD6CF0}.AppStore|iPhone.ActiveCfg = AppStore|iPhone
		{B7BF13DD-DB38-4C96-AB1D-707297AD6CF0}.AppStore|iPhone.Build.0 = AppStore|iPhone
		{B7BF13DD-DB38-4C96-AB1D-707297AD6CF0}.AppStore|iPhone.Deploy.0 = AppStore|iPhone
		{B7BF13DD-DB38-4C96-AB1D-707297AD6CF0}.AppStore|iPhoneSimulator.ActiveCfg = AppStore|iPhoneSimulator
		{B7BF13DD-DB38-4C96-AB1D-707297AD6CF0}.AppStore|iPhoneSimulator.Build.0 = AppStore|iPhoneSimulator
		{B7BF13DD-DB38-4C96-AB1D-707297AD6CF0}.AppStore|iPhoneSimulator.Deploy.0 = AppStore|iPhoneSimulator
		{B7BF13DD-DB38-4C96-AB1D-707297AD6CF0}.AppStore|x64.ActiveCfg = AppStore|iPhone
		{B7BF13DD-DB38-4C96-AB1D-707297AD6CF0}.AppStore|x64.Build.0 = AppStore|iPhone
		{B7BF13DD-DB38-4C96-AB1D-707297AD6CF0}.AppStore|x64.Deploy.0 = AppStore|iPhone
		{B7BF13DD-DB38-4C96-AB1D-707297AD6CF0}.AppStore|x86.ActiveCfg = AppStore|iPhone
		{B7BF13DD-DB38-4C96-AB1D-707297AD6CF0}.AppStore|x86.Build.0 = AppStore|iPhone
		{B7BF13DD-DB38-4C96-AB1D-707297AD6CF0}.AppStore|x86.Deploy.0 = AppStore|iPhone
		{B7BF13DD-DB38-4C96-AB1D-707297AD6CF0}.Debug|Any CPU.ActiveCfg = Debug|iPhoneSimulator
		{B7BF13DD-DB38-4C96-AB1D-707297AD6CF0}.Debug|Any CPU.Build.0 = Debug|iPhoneSimulator
		{B7BF13DD-DB38-4C96-AB1D-707297AD6CF0}.Debug|Any CPU.Deploy.0 = Debug|iPhoneSimulator
		{B7BF13DD-DB38-4C96-AB1D-707297AD6CF0}.Debug|ARM.ActiveCfg = Debug|iPhone
		{B7BF13DD-DB38-4C96-AB1D-707297AD6CF0}.Debug|ARM.Build.0 = Debug|iPhone
		{B7BF13DD-DB38-4C96-AB1D-707297AD6CF0}.Debug|ARM.Deploy.0 = Debug|iPhone
		{B7BF13DD-DB38-4C96-AB1D-707297AD6CF0}.Debug|iPhone.ActiveCfg = Debug|iPhone
		{B7BF13DD-DB38-4C96-AB1D-707297AD6CF0}.Debug|iPhone.Build.0 = Debug|iPhone
		{B7BF13DD-DB38-4C96-AB1D-707297AD6CF0}.Debug|iPhone.Deploy.0 = Debug|iPhone
		{B7BF13DD-DB38-4C96-AB1D-707297AD6CF0}.Debug|iPhoneSimulator.ActiveCfg = Debug|iPhoneSimulator
		{B7BF13DD-DB38-4C96-AB1D-707297AD6CF0}.Debug|iPhoneSimulator.Build.0 = Debug|iPhoneSimulator
		{B7BF13DD-DB38-4C96-AB1D-707297AD6CF0}.Debug|iPhoneSimulator.Deploy.0 = Debug|iPhoneSimulator
		{B7BF13DD-DB38-4C96-AB1D-707297AD6CF0}.Debug|x64.ActiveCfg = Debug|iPhone
		{B7BF13DD-DB38-4C96-AB1D-707297AD6CF0}.Debug|x64.Build.0 = Debug|iPhone
		{B7BF13DD-DB38-4C96-AB1D-707297AD6CF0}.Debug|x64.Deploy.0 = Debug|iPhone
		{B7BF13DD-DB38-4C96-AB1D-707297AD6CF0}.Debug|x86.ActiveCfg = Debug|iPhoneSimulator
		{B7BF13DD-DB38-4C96-AB1D-707297AD6CF0}.Debug|x86.Build.0 = Debug|iPhoneSimulator
		{B7BF13DD-DB38-4C96-AB1D-707297AD6CF0}.Debug|x86.Deploy.0 = Debug|iPhoneSimulator
		{B7BF13DD-DB38-4C96-AB1D-707297AD6CF0}.Release|Any CPU.ActiveCfg = Release|iPhone
		{B7BF13DD-DB38-4C96-AB1D-707297AD6CF0}.Release|Any CPU.Build.0 = Release|iPhone
		{B7BF13DD-DB38-4C96-AB1D-707297AD6CF0}.Release|Any CPU.Deploy.0 = Release|iPhone
		{B7BF13DD-DB38-4C96-AB1D-707297AD6CF0}.Release|ARM.ActiveCfg = Release|iPhone
		{B7BF13DD-DB38-4C96-AB1D-707297AD6CF0}.Release|ARM.Build.0 = Release|iPhone
		{B7BF13DD-DB38-4C96-AB1D-707297AD6CF0}.Release|ARM.Deploy.0 = Release|iPhone
		{B7BF13DD-DB38-4C96-AB1D-707297AD6CF0}.Release|iPhone.ActiveCfg = Release|iPhone
		{B7BF13DD-DB38-4C96-AB1D-707297AD6CF0}.Release|iPhone.Build.0 = Release|iPhone
		{B7BF13DD-DB38-4C96-AB1D-707297AD6CF0}.Release|iPhone.Deploy.0 = Release|iPhone
		{B7BF13DD-DB38-4C96-AB1D-707297AD6CF0}.Release|iPhoneSimulator.ActiveCfg = Release|iPhoneSimulator
		{B7BF13DD-DB38-4C96-AB1D-707297AD6CF0}.Release|iPhoneSimulator.Build.0 = Release|iPhoneSimulator
		{B7BF13DD-DB38-4C96-AB1D-707297AD6CF0}.Release|iPhoneSimulator.Deploy.0 = Release|iPhoneSimulator
		{B7BF13DD-DB38-4C96-AB1D-707297AD6CF0}.Release|x64.ActiveCfg = Release|iPhone
		{B7BF13DD-DB38-4C96-AB1D-707297AD6CF0}.Release|x64.Build.0 = Release|iPhone
		{B7BF13DD-DB38-4C96-AB1D-707297AD6CF0}.Release|x64.Deploy.0 = Release|iPhone
		{B7BF13DD-DB38-4C96-AB1D-707297AD6CF0}.Release|x86.ActiveCfg = Release|iPhone
		{B7BF13DD-DB38-4C96-AB1D-707297AD6CF0}.Release|x86.Build.0 = Release|iPhone
		{B7BF13DD-DB38-4C96-AB1D-707297AD6CF0}.Release|x86.Deploy.0 = Release|iPhone
		{DE3CCA1D-71E0-4233-BB00-CDA310CC3445}.Ad-Hoc|Any CPU.ActiveCfg = Release|x86
		{DE3CCA1D-71E0-4233-BB00-CDA310CC3445}.Ad-Hoc|Any CPU.Build.0 = Release|x86
		{DE3CCA1D-71E0-4233-BB00-CDA310CC3445}.Ad-Hoc|Any CPU.Deploy.0 = Release|x86
		{DE3CCA1D-71E0-4233-BB00-CDA310CC3445}.Ad-Hoc|ARM.ActiveCfg = Release|ARM
		{DE3CCA1D-71E0-4233-BB00-CDA310CC3445}.Ad-Hoc|ARM.Build.0 = Release|ARM
		{DE3CCA1D-71E0-4233-BB00-CDA310CC3445}.Ad-Hoc|ARM.Deploy.0 = Release|ARM
		{DE3CCA1D-71E0-4233-BB00-CDA310CC3445}.Ad-Hoc|iPhone.ActiveCfg = Release|x86
		{DE3CCA1D-71E0-4233-BB00-CDA310CC3445}.Ad-Hoc|iPhone.Build.0 = Release|x86
		{DE3CCA1D-71E0-4233-BB00-CDA310CC3445}.Ad-Hoc|iPhone.Deploy.0 = Release|x86
		{DE3CCA1D-71E0-4233-BB00-CDA310CC3445}.Ad-Hoc|iPhoneSimulator.ActiveCfg = Release|x86
		{DE3CCA1D-71E0-4233-BB00-CDA310CC3445}.Ad-Hoc|iPhoneSimulator.Build.0 = Release|x86
		{DE3CCA1D-71E0-4233-BB00-CDA310CC3445}.Ad-Hoc|iPhoneSimulator.Deploy.0 = Release|x86
		{DE3CCA1D-71E0-4233-BB00-CDA310CC3445}.Ad-Hoc|x64.ActiveCfg = Release|x64
		{DE3CCA1D-71E0-4233-BB00-CDA310CC3445}.Ad-Hoc|x64.Build.0 = Release|x64
		{DE3CCA1D-71E0-4233-BB00-CDA310CC3445}.Ad-Hoc|x64.Deploy.0 = Release|x64
		{DE3CCA1D-71E0-4233-BB00-CDA310CC3445}.Ad-Hoc|x86.ActiveCfg = Release|x86
		{DE3CCA1D-71E0-4233-BB00-CDA310CC3445}.Ad-Hoc|x86.Build.0 = Release|x86
		{DE3CCA1D-71E0-4233-BB00-CDA310CC3445}.Ad-Hoc|x86.Deploy.0 = Release|x86
		{DE3CCA1D-71E0-4233-BB00-CDA310CC3445}.AppStore|Any CPU.ActiveCfg = Release|x86
		{DE3CCA1D-71E0-4233-BB00-CDA310CC3445}.AppStore|Any CPU.Build.0 = Release|x86
		{DE3CCA1D-71E0-4233-BB00-CDA310CC3445}.AppStore|Any CPU.Deploy.0 = Release|x86
		{DE3CCA1D-71E0-4233-BB00-CDA310CC3445}.AppStore|ARM.ActiveCfg = Release|ARM
		{DE3CCA1D-71E0-4233-BB00-CDA310CC3445}.AppStore|ARM.Build.0 = Release|ARM
		{DE3CCA1D-71E0-4233-BB00-CDA310CC3445}.AppStore|ARM.Deploy.0 = Release|ARM
		{DE3CCA1D-71E0-4233-BB00-CDA310CC3445}.AppStore|iPhone.ActiveCfg = Release|x86
		{DE3CCA1D-71E0-4233-BB00-CDA310CC3445}.AppStore|iPhone.Build.0 = Release|x86
		{DE3CCA1D-71E0-4233-BB00-CDA310CC3445}.AppStore|iPhone.Deploy.0 = Release|x86
		{DE3CCA1D-71E0-4233-BB00-CDA310CC3445}.AppStore|iPhoneSimulator.ActiveCfg = Release|x86
		{DE3CCA1D-71E0-4233-BB00-CDA310CC3445}.AppStore|iPhoneSimulator.Build.0 = Release|x86
		{DE3CCA1D-71E0-4233-BB00-CDA310CC3445}.AppStore|iPhoneSimulator.Deploy.0 = Release|x86
		{DE3CCA1D-71E0-4233-BB00-CDA310CC3445}.AppStore|x64.ActiveCfg = Release|x64
		{DE3CCA1D-71E0-4233-BB00-CDA310CC3445}.AppStore|x64.Build.0 = Release|x64
		{DE3CCA1D-71E0-4233-BB00-CDA310CC3445}.AppStore|x64.Deploy.0 = Release|x64
		{DE3CCA1D-71E0-4233-BB00-CDA310CC3445}.AppStore|x86.ActiveCfg = Release|x86
		{DE3CCA1D-71E0-4233-BB00-CDA310CC3445}.AppStore|x86.Build.0 = Release|x86
		{DE3CCA1D-71E0-4233-BB00-CDA310CC3445}.AppStore|x86.Deploy.0 = Release|x86
		{DE3CCA1D-71E0-4233-BB00-CDA310CC3445}.Debug|Any CPU.ActiveCfg = Debug|x86
		{DE3CCA1D-71E0-4233-BB00-CDA310CC3445}.Debug|Any CPU.Build.0 = Debug|x86
		{DE3CCA1D-71E0-4233-BB00-CDA310CC3445}.Debug|Any CPU.Deploy.0 = Debug|x86
		{DE3CCA1D-71E0-4233-BB00-CDA310CC3445}.Debug|ARM.ActiveCfg = Debug|ARM
		{DE3CCA1D-71E0-4233-BB00-CDA310CC3445}.Debug|ARM.Build.0 = Debug|ARM
		{DE3CCA1D-71E0-4233-BB00-CDA310CC3445}.Debug|ARM.Deploy.0 = Debug|ARM
		{DE3CCA1D-71E0-4233-BB00-CDA310CC3445}.Debug|iPhone.ActiveCfg = Debug|x86
		{DE3CCA1D-71E0-4233-BB00-CDA310CC3445}.Debug|iPhone.Build.0 = Debug|x86
		{DE3CCA1D-71E0-4233-BB00-CDA310CC3445}.Debug|iPhone.Deploy.0 = Debug|x86
		{DE3CCA1D-71E0-4233-BB00-CDA310CC3445}.Debug|iPhoneSimulator.ActiveCfg = Debug|x86
		{DE3CCA1D-71E0-4233-BB00-CDA310CC3445}.Debug|iPhoneSimulator.Build.0 = Debug|x86
		{DE3CCA1D-71E0-4233-BB00-CDA310CC3445}.Debug|iPhoneSimulator.Deploy.0 = Debug|x86
		{DE3CCA1D-71E0-4233-BB00-CDA310CC3445}.Debug|x64.ActiveCfg = Debug|x64
		{DE3CCA1D-71E0-4233-BB00-CDA310CC3445}.Debug|x64.Build.0 = Debug|x64
		{DE3CCA1D-71E0-4233-BB00-CDA310CC3445}.Debug|x64.Deploy.0 = Debug|x64
		{DE3CCA1D-71E0-4233-BB00-CDA310CC3445}.Debug|x86.ActiveCfg = Debug|x86
		{DE3CCA1D-71E0-4233-BB00-CDA310CC3445}.Debug|x86.Build.0 = Debug|x86
		{DE3CCA1D-71E0-4233-BB00-CDA310CC3445}.Debug|x86.Deploy.0 = Debug|x86
		{DE3CCA1D-71E0-4233-BB00-CDA310CC3445}.Release|Any CPU.ActiveCfg = Release|x86
		{DE3CCA1D-71E0-4233-BB00-CDA310CC3445}.Release|Any CPU.Build.0 = Release|x86
		{DE3CCA1D-71E0-4233-BB00-CDA310CC3445}.Release|Any CPU.Deploy.0 = Release|x86
		{DE3CCA1D-71E0-4233-BB00-CDA310CC3445}.Release|ARM.ActiveCfg = Release|ARM
		{DE3CCA1D-71E0-4233-BB00-CDA310CC3445}.Release|ARM.Build.0 = Release|ARM
		{DE3CCA1D-71E0-4233-BB00-CDA310CC3445}.Release|ARM.Deploy.0 = Release|ARM
		{DE3CCA1D-71E0-4233-BB00-CDA310CC3445}.Release|iPhone.ActiveCfg = Release|x86
		{DE3CCA1D-71E0-4233-BB00-CDA310CC3445}.Release|iPhone.Build.0 = Release|x86
		{DE3CCA1D-71E0-4233-BB00-CDA310CC3445}.Release|iPhone.Deploy.0 = Release|x86
		{DE3CCA1D-71E0-4233-BB00-CDA310CC3445}.Release|iPhoneSimulator.ActiveCfg = Release|x86
		{DE3CCA1D-71E0-4233-BB00-CDA310CC3445}.Release|iPhoneSimulator.Build.0 = Release|x86
		{DE3CCA1D-71E0-4233-BB00-CDA310CC3445}.Release|iPhoneSimulator.Deploy.0 = Release|x86
		{DE3CCA1D-71E0-4233-BB00-CDA310CC3445}.Release|x64.ActiveCfg = Release|x64
		{DE3CCA1D-71E0-4233-BB00-CDA310CC3445}.Release|x64.Build.0 = Release|x64
		{DE3CCA1D-71E0-4233-BB00-CDA310CC3445}.Release|x64.Deploy.0 = Release|x64
		{DE3CCA1D-71E0-4233-BB00-CDA310CC3445}.Release|x86.ActiveCfg = Release|x86
		{DE3CCA1D-71E0-4233-BB00-CDA310CC3445}.Release|x86.Build.0 = Release|x86
		{DE3CCA1D-71E0-4233-BB00-CDA310CC3445}.Release|x86.Deploy.0 = Release|x86
		{D77806C3-B7C5-4ADD-9455-D89F9799BF69}.Ad-Hoc|Any CPU.ActiveCfg = Debug|Any CPU
		{D77806C3-B7C5-4ADD-9455-D89F9799BF69}.Ad-Hoc|Any CPU.Build.0 = Debug|Any CPU
		{D77806C3-B7C5-4ADD-9455-D89F9799BF69}.Ad-Hoc|Any CPU.Deploy.0 = Debug|Any CPU
		{D77806C3-B7C5-4ADD-9455-D89F9799BF69}.Ad-Hoc|ARM.ActiveCfg = Debug|Any CPU
		{D77806C3-B7C5-4ADD-9455-D89F9799BF69}.Ad-Hoc|ARM.Build.0 = Debug|Any CPU
		{D77806C3-B7C5-4ADD-9455-D89F9799BF69}.Ad-Hoc|ARM.Deploy.0 = Debug|Any CPU
		{D77806C3-B7C5-4ADD-9455-D89F9799BF69}.Ad-Hoc|iPhone.ActiveCfg = Debug|Any CPU
		{D77806C3-B7C5-4ADD-9455-D89F9799BF69}.Ad-Hoc|iPhone.Build.0 = Debug|Any CPU
		{D77806C3-B7C5-4ADD-9455-D89F9799BF69}.Ad-Hoc|iPhone.Deploy.0 = Debug|Any CPU
		{D77806C3-B7C5-4ADD-9455-D89F9799BF69}.Ad-Hoc|iPhoneSimulator.ActiveCfg = Debug|Any CPU
		{D77806C3-B7C5-4ADD-9455-D89F9799BF69}.Ad-Hoc|iPhoneSimulator.Build.0 = Debug|Any CPU
		{D77806C3-B7C5-4ADD-9455-D89F9799BF69}.Ad-Hoc|iPhoneSimulator.Deploy.0 = Debug|Any CPU
		{D77806C3-B7C5-4ADD-9455-D89F9799BF69}.Ad-Hoc|x64.ActiveCfg = Debug|Any CPU
		{D77806C3-B7C5-4ADD-9455-D89F9799BF69}.Ad-Hoc|x64.Build.0 = Debug|Any CPU
		{D77806C3-B7C5-4ADD-9455-D89F9799BF69}.Ad-Hoc|x64.Deploy.0 = Debug|Any CPU
		{D77806C3-B7C5-4ADD-9455-D89F9799BF69}.Ad-Hoc|x86.ActiveCfg = Debug|Any CPU
		{D77806C3-B7C5-4ADD-9455-D89F9799BF69}.Ad-Hoc|x86.Build.0 = Debug|Any CPU
		{D77806C3-B7C5-4ADD-9455-D89F9799BF69}.Ad-Hoc|x86.Deploy.0 = Debug|Any CPU
		{D77806C3-B7C5-4ADD-9455-D89F9799BF69}.AppStore|Any CPU.ActiveCfg = Debug|Any CPU
		{D77806C3-B7C5-4ADD-9455-D89F9799BF69}.AppStore|Any CPU.Build.0 = Debug|Any CPU
		{D77806C3-B7C5-4ADD-9455-D89F9799BF69}.AppStore|Any CPU.Deploy.0 = Debug|Any CPU
		{D77806C3-B7C5-4ADD-9455-D89F9799BF69}.AppStore|ARM.ActiveCfg = Debug|Any CPU
		{D77806C3-B7C5-4ADD-9455-D89F9799BF69}.AppStore|ARM.Build.0 = Debug|Any CPU
		{D77806C3-B7C5-4ADD-9455-D89F9799BF69}.AppStore|ARM.Deploy.0 = Debug|Any CPU
		{D77806C3-B7C5-4ADD-9455-D89F9799BF69}.AppStore|iPhone.ActiveCfg = Debug|Any CPU
		{D77806C3-B7C5-4ADD-9455-D89F9799BF69}.AppStore|iPhone.Build.0 = Debug|Any CPU
		{D77806C3-B7C5-4ADD-9455-D89F9799BF69}.AppStore|iPhone.Deploy.0 = Debug|Any CPU
		{D77806C3-B7C5-4ADD-9455-D89F9799BF69}.AppStore|iPhoneSimulator.ActiveCfg = Debug|Any CPU
		{D77806C3-B7C5-4ADD-9455-D89F9799BF69}.AppStore|iPhoneSimulator.Build.0 = Debug|Any CPU
		{D77806C3-B7C5-4ADD-9455-D89F9799BF69}.AppStore|iPhoneSimulator.Deploy.0 = Debug|Any CPU
		{D77806C3-B7C5-4ADD-9455-D89F9799BF69}.AppStore|x64.ActiveCfg = Debug|Any CPU
		{D77806C3-B7C5-4ADD-9455-D89F9799BF69}.AppStore|x64.Build.0 = Debug|Any CPU
		{D77806C3-B7C5-4ADD-9455-D89F9799BF69}.AppStore|x64.Deploy.0 = Debug|Any CPU
		{D77806C3-B7C5-4ADD-9455-D89F9799BF69}.AppStore|x86.ActiveCfg = Debug|Any CPU
		{D77806C3-B7C5-4ADD-9455-D89F9799BF69}.AppStore|x86.Build.0 = Debug|Any CPU
		{D77806C3-B7C5-4ADD-9455-D89F9799BF69}.AppStore|x86.Deploy.0 = Debug|Any CPU
		{D77806C3-B7C5-4ADD-9455-D89F9799BF69}.Debug|Any CPU.ActiveCfg = Debug|Any CPU
		{D77806C3-B7C5-4ADD-9455-D89F9799BF69}.Debug|Any CPU.Build.0 = Debug|Any CPU
		{D77806C3-B7C5-4ADD-9455-D89F9799BF69}.Debug|Any CPU.Deploy.0 = Debug|Any CPU
		{D77806C3-B7C5-4ADD-9455-D89F9799BF69}.Debug|ARM.ActiveCfg = Debug|Any CPU
		{D77806C3-B7C5-4ADD-9455-D89F9799BF69}.Debug|ARM.Build.0 = Debug|Any CPU
		{D77806C3-B7C5-4ADD-9455-D89F9799BF69}.Debug|ARM.Deploy.0 = Debug|Any CPU
		{D77806C3-B7C5-4ADD-9455-D89F9799BF69}.Debug|iPhone.ActiveCfg = Debug|Any CPU
		{D77806C3-B7C5-4ADD-9455-D89F9799BF69}.Debug|iPhone.Build.0 = Debug|Any CPU
		{D77806C3-B7C5-4ADD-9455-D89F9799BF69}.Debug|iPhone.Deploy.0 = Debug|Any CPU
		{D77806C3-B7C5-4ADD-9455-D89F9799BF69}.Debug|iPhoneSimulator.ActiveCfg = Debug|Any CPU
		{D77806C3-B7C5-4ADD-9455-D89F9799BF69}.Debug|iPhoneSimulator.Build.0 = Debug|Any CPU
		{D77806C3-B7C5-4ADD-9455-D89F9799BF69}.Debug|iPhoneSimulator.Deploy.0 = Debug|Any CPU
		{D77806C3-B7C5-4ADD-9455-D89F9799BF69}.Debug|x64.ActiveCfg = Debug|Any CPU
		{D77806C3-B7C5-4ADD-9455-D89F9799BF69}.Debug|x64.Build.0 = Debug|Any CPU
		{D77806C3-B7C5-4ADD-9455-D89F9799BF69}.Debug|x64.Deploy.0 = Debug|Any CPU
		{D77806C3-B7C5-4ADD-9455-D89F9799BF69}.Debug|x86.ActiveCfg = Debug|Any CPU
		{D77806C3-B7C5-4ADD-9455-D89F9799BF69}.Debug|x86.Build.0 = Debug|Any CPU
		{D77806C3-B7C5-4ADD-9455-D89F9799BF69}.Debug|x86.Deploy.0 = Debug|Any CPU
		{D77806C3-B7C5-4ADD-9455-D89F9799BF69}.Release|Any CPU.ActiveCfg = Release|Any CPU
		{D77806C3-B7C5-4ADD-9455-D89F9799BF69}.Release|Any CPU.Build.0 = Release|Any CPU
		{D77806C3-B7C5-4ADD-9455-D89F9799BF69}.Release|Any CPU.Deploy.0 = Release|Any CPU
		{D77806C3-B7C5-4ADD-9455-D89F9799BF69}.Release|ARM.ActiveCfg = Release|Any CPU
		{D77806C3-B7C5-4ADD-9455-D89F9799BF69}.Release|ARM.Build.0 = Release|Any CPU
		{D77806C3-B7C5-4ADD-9455-D89F9799BF69}.Release|ARM.Deploy.0 = Release|Any CPU
		{D77806C3-B7C5-4ADD-9455-D89F9799BF69}.Release|iPhone.ActiveCfg = Release|Any CPU
		{D77806C3-B7C5-4ADD-9455-D89F9799BF69}.Release|iPhone.Build.0 = Release|Any CPU
		{D77806C3-B7C5-4ADD-9455-D89F9799BF69}.Release|iPhone.Deploy.0 = Release|Any CPU
		{D77806C3-B7C5-4ADD-9455-D89F9799BF69}.Release|iPhoneSimulator.ActiveCfg = Release|Any CPU
		{D77806C3-B7C5-4ADD-9455-D89F9799BF69}.Release|iPhoneSimulator.Build.0 = Release|Any CPU
		{D77806C3-B7C5-4ADD-9455-D89F9799BF69}.Release|iPhoneSimulator.Deploy.0 = Release|Any CPU
		{D77806C3-B7C5-4ADD-9455-D89F9799BF69}.Release|x64.ActiveCfg = Release|Any CPU
		{D77806C3-B7C5-4ADD-9455-D89F9799BF69}.Release|x64.Build.0 = Release|Any CPU
		{D77806C3-B7C5-4ADD-9455-D89F9799BF69}.Release|x64.Deploy.0 = Release|Any CPU
		{D77806C3-B7C5-4ADD-9455-D89F9799BF69}.Release|x86.ActiveCfg = Release|Any CPU
		{D77806C3-B7C5-4ADD-9455-D89F9799BF69}.Release|x86.Build.0 = Release|Any CPU
		{D77806C3-B7C5-4ADD-9455-D89F9799BF69}.Release|x86.Deploy.0 = Release|Any CPU
	EndGlobalSection
	GlobalSection(SolutionProperties) = preSolution
		HideSolutionNode = FALSE
	EndGlobalSection
	GlobalSection(ExtensibilityGlobals) = postSolution
		SolutionGuid = {F01B98D0-D2D9-4429-9BE4-00FB935ACB2B}
	EndGlobalSection
EndGlobal
